
Microsoft Visual Studio Solution File, Format Version 12.00
# Visual Studio 2013
VisualStudioVersion = 12.0.21005.1
MinimumVisualStudioVersion = 10.0.40219.1
Project("{FAE04EC0-301F-11D3-BF4B-00C04F79EFBC}") = "Parser", "Parser\Parser.csproj", "{92601822-55C6-4912-A82A-AA6D9FC28870}"
EndProject
Project("{FAE04EC0-301F-11D3-BF4B-00C04F79EFBC}") = "Configurator", "Configurator\Configurator.csproj", "{BE1DC329-AFC6-40D2-82DC-30E2752DECDB}"
EndProject
Project("{FAE04EC0-301F-11D3-BF4B-00C04F79EFBC}") = "Documenter", "Documenter\Documenter.csproj", "{5049194B-A818-4441-B86D-3FE503447E68}"
EndProject
Project("{FAE04EC0-301F-11D3-BF4B-00C04F79EFBC}") = "Backuper", "Backuper\Backuper.csproj", "{6FEF1340-420F-4AF3-B8EE-8ABBF7E979DF}"
EndProject
Global
	GlobalSection(SolutionConfigurationPlatforms) = preSolution
		Debug|Any CPU = Debug|Any CPU
		Release|Any CPU = Release|Any CPU
	EndGlobalSection
	GlobalSection(ProjectConfigurationPlatforms) = postSolution
		{92601822-55C6-4912-A82A-AA6D9FC28870}.Debug|Any CPU.ActiveCfg = Debug|Any CPU
		{92601822-55C6-4912-A82A-AA6D9FC28870}.Debug|Any CPU.Build.0 = Debug|Any CPU
		{92601822-55C6-4912-A82A-AA6D9FC28870}.Release|Any CPU.ActiveCfg = Release|Any CPU
		{92601822-55C6-4912-A82A-AA6D9FC28870}.Release|Any CPU.Build.0 = Release|Any CPU
		{BE1DC329-AFC6-40D2-82DC-30E2752DECDB}.Debug|Any CPU.ActiveCfg = Debug|Any CPU
		{BE1DC329-AFC6-40D2-82DC-30E2752DECDB}.Debug|Any CPU.Build.0 = Debug|Any CPU
		{BE1DC329-AFC6-40D2-82DC-30E2752DECDB}.Release|Any CPU.ActiveCfg = Release|Any CPU
		{BE1DC329-AFC6-40D2-82DC-30E2752DECDB}.Release|Any CPU.Build.0 = Release|Any CPU
		{5049194B-A818-4441-B86D-3FE503447E68}.Debug|Any CPU.ActiveCfg = Debug|Any CPU
		{5049194B-A818-4441-B86D-3FE503447E68}.Debug|Any CPU.Build.0 = Debug|Any CPU
		{5049194B-A818-4441-B86D-3FE503447E68}.Release|Any CPU.ActiveCfg = Release|Any CPU
		{5049194B-A818-4441-B86D-3FE503447E68}.Release|Any CPU.Build.0 = Release|Any CPU
		{6FEF1340-420F-4AF3-B8EE-8ABBF7E979DF}.Debug|Any CPU.ActiveCfg = Debug|Any CPU
		{6FEF1340-420F-4AF3-B8EE-8ABBF7E979DF}.Debug|Any CPU.Build.0 = Debug|Any CPU
		{6FEF1340-420F-4AF3-B8EE-8ABBF7E979DF}.Release|Any CPU.ActiveCfg = Release|Any CPU
		{6FEF1340-420F-4AF3-B8EE-8ABBF7E979DF}.Release|Any CPU.Build.0 = Release|Any CPU
	EndGlobalSection
	GlobalSection(SolutionProperties) = preSolution
		HideSolutionNode = FALSE
	EndGlobalSection
EndGlobal
